lockfileVersion: '9.0'

settings:
  autoInstallPeers: true
  excludeLinksFromLockfile: false

overrides:
  rsbuild-plugin-dts: file:./scripts/rsbuild-plugin-dts-0.0.0.tgz

importers:

  .:
    devDependencies:
      '@biomejs/biome':
        specifier: ^1.8.3
        version: 1.8.3
      '@rslib/core':
        specifier: file:./scripts/rslib-core-0.0.0.tgz
        version: file:scripts/rslib-core-0.0.0.tgz(typescript@5.5.4)
      typescript:
        specifier: ^5.5.2
        version: 5.5.4

packages:

  '@biomejs/biome@1.8.3':
    resolution: {integrity: sha512-/uUV3MV+vyAczO+vKrPdOW0Iaet7UnJMU4bNMinggGJTAnBPjCoLEYcyYtYHNnUNYlv4xZMH6hVIQCAozq8d5w==}
    engines: {node: '>=14.21.3'}
    hasBin: true

  '@biomejs/cli-darwin-arm64@1.8.3':
    resolution: {integrity: sha512-9DYOjclFpKrH/m1Oz75SSExR8VKvNSSsLnVIqdnKexj6NwmiMlKk94Wa1kZEdv6MCOHGHgyyoV57Cw8WzL5n3A==}
    engines: {node: '>=14.21.3'}
    cpu: [arm64]
    os: [darwin]

  '@biomejs/cli-darwin-x64@1.8.3':
    resolution: {integrity: sha512-UeW44L/AtbmOF7KXLCoM+9PSgPo0IDcyEUfIoOXYeANaNXXf9mLUwV1GeF2OWjyic5zj6CnAJ9uzk2LT3v/wAw==}
    engines: {node: '>=14.21.3'}
    cpu: [x64]
    os: [darwin]

  '@biomejs/cli-linux-arm64-musl@1.8.3':
    resolution: {integrity: sha512-9yjUfOFN7wrYsXt/T/gEWfvVxKlnh3yBpnScw98IF+oOeCYb5/b/+K7YNqKROV2i1DlMjg9g/EcN9wvj+NkMuQ==}
    engines: {node: '>=14.21.3'}
    cpu: [arm64]
    os: [linux]
    libc: [musl]

  '@biomejs/cli-linux-arm64@1.8.3':
    resolution: {integrity: sha512-fed2ji8s+I/m8upWpTJGanqiJ0rnlHOK3DdxsyVLZQ8ClY6qLuPc9uehCREBifRJLl/iJyQpHIRufLDeotsPtw==}
    engines: {node: '>=14.21.3'}
    cpu: [arm64]
    os: [linux]
    libc: [glibc]

  '@biomejs/cli-linux-x64-musl@1.8.3':
    resolution: {integrity: sha512-UHrGJX7PrKMKzPGoEsooKC9jXJMa28TUSMjcIlbDnIO4EAavCoVmNQaIuUSH0Ls2mpGMwUIf+aZJv657zfWWjA==}
    engines: {node: '>=14.21.3'}
    cpu: [x64]
    os: [linux]
    libc: [musl]

  '@biomejs/cli-linux-x64@1.8.3':
    resolution: {integrity: sha512-I8G2QmuE1teISyT8ie1HXsjFRz9L1m5n83U1O6m30Kw+kPMPSKjag6QGUn+sXT8V+XWIZxFFBoTDEDZW2KPDDw==}
    engines: {node: '>=14.21.3'}
    cpu: [x64]
    os: [linux]
    libc: [glibc]

  '@biomejs/cli-win32-arm64@1.8.3':
    resolution: {integrity: sha512-J+Hu9WvrBevfy06eU1Na0lpc7uR9tibm9maHynLIoAjLZpQU3IW+OKHUtyL8p6/3pT2Ju5t5emReeIS2SAxhkQ==}
    engines: {node: '>=14.21.3'}
    cpu: [arm64]
    os: [win32]

  '@biomejs/cli-win32-x64@1.8.3':
    resolution: {integrity: sha512-/PJ59vA1pnQeKahemaQf4Nyj7IKUvGQSc3Ze1uIGi+Wvr1xF7rGobSrAAG01T/gUDG21vkDsZYM03NAmPiVkqg==}
    engines: {node: '>=14.21.3'}
    cpu: [x64]
    os: [win32]

  '@module-federation/runtime-tools@0.2.3':
    resolution: {integrity: sha512-capN8CVTCEqNAjnl102girrkevczoQfnQYyiYC4WuyKsg7+LUqfirIe1Eiyv6VSE2UgvOTZDnqvervA6rBOlmg==}

  '@module-federation/runtime@0.2.3':
    resolution: {integrity: sha512-N+ZxBUb1mkmfO9XT1BwgYQgShtUTlijHbukqQ4afFka5lRAT+ayC7RKfHJLz0HbuexKPCmPBDfdmCnErR5WyTQ==}

  '@module-federation/sdk@0.2.3':
    resolution: {integrity: sha512-W9zrPchLocyCBc/B8CW21akcfJXLl++9xBe1L1EtgxZGfj/xwHt0GcBWE/y+QGvYTL2a1iZjwscbftbUhxgxXg==}

  '@module-federation/webpack-bundler-runtime@0.2.3':
    resolution: {integrity: sha512-L/jt2uJ+8dwYiyn9GxryzDR6tr/Wk8rpgvelM2EBeLIhu7YxCHSmSjQYhw3BTux9zZIr47d1K9fGjBFsVRd/SQ==}

  '@nodelib/fs.scandir@2.1.5':
    resolution: {integrity: sha512-vq24Bq3ym5HEQm2NKCr3yXDwjc7vTsEThRDnkp2DK9p1uqLR+DHurm/NOTo0KG7HYHU7eppKZj3MyqYuMBf62g==}
    engines: {node: '>= 8'}

  '@nodelib/fs.stat@2.0.5':
    resolution: {integrity: sha512-RkhPPp2zrqDAQA/2jNhnztcPAlv64XdhIp7a7454A5ovI7Bukxgt7MX7udwAu3zg1DcpPU0rz3VV1SeaqvY4+A==}
    engines: {node: '>= 8'}

  '@nodelib/fs.walk@1.2.8':
    resolution: {integrity: sha512-oGB+UxlgWcgQkgwo8GcEGwemoTFt3FIO9ababBmaGwXIoBKZ+GTy0pP185beGg7Llih/NSHSV2XAs1lnznocSg==}
    engines: {node: '>= 8'}

  '@rsbuild/core@1.0.1-beta.10':
    resolution: {integrity: sha512-F2xVOiUXmv9PhtgXnxtelE2Ay6gwsU2MjLur+PNF63QJB4VhV1KMWedt0cEw6m3KR6/n6laWY3PXv8TxGA99iA==}
    engines: {node: '>=16.7.0'}
    hasBin: true

  '@rslib/core@file:scripts/rslib-core-0.0.0.tgz':
    resolution: {integrity: sha512-M82o90fB/ixuCmFeSH0gvrLsuu2/gZuPj49V9IBnAAs5glo3sf8W8QvJQWE2bSxulvWz7iiJ+6jE9JvP4f5VfA==, tarball: file:scripts/rslib-core-0.0.0.tgz}
    version: 0.0.0
    engines: {node: '>=16.0.0'}
    hasBin: true
    peerDependencies:
      '@microsoft/api-extractor': ^7
      typescript: ^5
    peerDependenciesMeta:
      '@microsoft/api-extractor':
        optional: true
      typescript:
        optional: true

  '@rspack/binding-darwin-arm64@1.0.0-beta.2':
    resolution: {integrity: sha512-q0C1Vj9kAuIy+fs2GBUj+py/ibFudxNHQshzVSiLSvgWICdF0UOXj2KIHaPFGsq87StQU84lichMKeZpztUUPA==}
    cpu: [arm64]
    os: [darwin]

  '@rspack/binding-darwin-x64@1.0.0-beta.2':
    resolution: {integrity: sha512-S+pJu1GafgFocrE1mgm/rYXu0/FE/+9Mo6RvTl5wxKMp7YoMubglE9wz5zxwZUqgW2i3jPcfBMqDVEN/njwt0w==}
    cpu: [x64]
    os: [darwin]

  '@rspack/binding-linux-arm64-gnu@1.0.0-beta.2':
    resolution: {integrity: sha512-YidKPTC1eRjgEkPFWkXJ3MGFunOlnCJJUP/aty79V89pAQava9H/deju6ouUeMer6jZGyrjacKFRRTdpnlM+nA==}
    cpu: [arm64]
    os: [linux]
    libc: [glibc]

  '@rspack/binding-linux-arm64-musl@1.0.0-beta.2':
    resolution: {integrity: sha512-jQ5ePXdQKTjI1Kq6+e+t5OZ6zkuyKWZg4XmzL/wtPpJav99jNNRBbNv/waF9f6hpMwvbeIavCeQrJS89DlOaSQ==}
    cpu: [arm64]
    os: [linux]
    libc: [musl]

  '@rspack/binding-linux-x64-gnu@1.0.0-beta.2':
    resolution: {integrity: sha512-tTjALyN5b1KQt1KzCxxcIOO3mPNvUcvz5xmbax7nD4F6LjEgW2JacYbpwXJrw5gTp6kCIaEi9qoP3a5J69OHsg==}
    cpu: [x64]
    os: [linux]
    libc: [glibc]

  '@rspack/binding-linux-x64-musl@1.0.0-beta.2':
    resolution: {integrity: sha512-U7x1SuM8/jH5CYc36A5PHrUm8D+vOQ2S9XC0YUOcdthNRfTqhZdHDH95r0w6PWPO30gFEodbH2ndh9PM/SIYxA==}
    cpu: [x64]
    os: [linux]
    libc: [musl]

  '@rspack/binding-win32-arm64-msvc@1.0.0-beta.2':
    resolution: {integrity: sha512-FgeU0GBJu+lsK8UpwMmzX7xDq2GWA+7Lnc+5mis5Dz/RvZdsosV/O2jGXZ6Y8JBFUex2lZvyO81kIr6ej6pLZw==}
    cpu: [arm64]
    os: [win32]

  '@rspack/binding-win32-ia32-msvc@1.0.0-beta.2':
    resolution: {integrity: sha512-wPAlubduL/dPEXnnYk7NP+lvqK2ZRfQOBIC/o5rA/YYAb1cSUX9Ggk3ma/NIc0BN7UhnguOWecpobJxYqhgscw==}
    cpu: [ia32]
    os: [win32]

  '@rspack/binding-win32-x64-msvc@1.0.0-beta.2':
    resolution: {integrity: sha512-iqfHgC9j5iFA3XNfjywIINMjmwhru1dmXKD1IsUr+ucjKbKbI/gKSqw9xcZYXk4m01C+Mpb0rGtk/TZWsdz6qw==}
    cpu: [x64]
    os: [win32]

  '@rspack/binding@1.0.0-beta.2':
    resolution: {integrity: sha512-ZywN7G96EV44XSXvg6fLgLcsOrjfvgXMxJopvFvNL+3LQHY6a1kmkVbEVvvOvZp4rc9odfDT3fF4A2g46F58eA==}

  '@rspack/core@1.0.0-beta.2':
    resolution: {integrity: sha512-YiF2oZlC0RThUYB5mHQ+XDB8edEzsY/FwKrFsi0p/UelEJssXECeNueoXdleZA8YQ2Ch4LaY2tLiB/2uffiAjg==}
    engines: {node: '>=16.0.0'}
    peerDependencies:
      '@swc/helpers': '>=0.5.1'
    peerDependenciesMeta:
      '@swc/helpers':
        optional: true

  '@rspack/lite-tapable@1.0.0-beta.2':
    resolution: {integrity: sha512-pDcrOH7tejguIxzcMUnCb5FCrz9GWtAnS3dVG6O/P4l7OWtcOBI3F1TQUsEy1u2WpMpH9ruPHRCSIliBfUymLg==}
    engines: {node: '>=16.0.0'}

  '@swc/helpers@0.5.11':
    resolution: {integrity: sha512-YNlnKRWF2sVojTpIyzwou9XoTNbzbzONwRhOoniEioF1AtaitTvVZblaQRrAzChWQ1bLYyYSWzM18y4WwgzJ+A==}

  braces@3.0.3:
    resolution: {integrity: sha512-yQbXgO/OSZVD2IsiLlro+7Hf6Q18EJrKSEsdoMzKePKXct3gvD8oLcOQdIzGupr5Fj+EDe8gO/lxc1BzfMpxvA==}
    engines: {node: '>=8'}

  caniuse-lite@1.0.30001651:
    resolution: {integrity: sha512-9Cf+Xv1jJNe1xPZLGuUXLNkE1BoDkqRqYyFJ9TDYSqhduqA4hu4oR9HluGoWYQC/aj8WHjsGVV+bwkh0+tegRg==}

  core-js@3.37.1:
    resolution: {integrity: sha512-Xn6qmxrQZyB0FFY8E3bgRXei3lWDJHhvI+u0q9TKIYM49G8pAr0FgnnrFRAmsbptZL1yxRADVXn+x5AGsbBfyw==}

  fast-glob@3.3.2:
    resolution: {integrity: sha512-oX2ruAFQwf/Orj8m737Y5adxDQO0LAB7/S5MnxCdTNDd4p6BsyIVsv9JQsATbTSq8KHRpLwIHbVlUNatxd+1Ow==}
    engines: {node: '>=8.6.0'}

  fastq@1.17.1:
    resolution: {integrity: sha512-sRVD3lWVIXWg6By68ZN7vho9a1pQcN/WBFaAAsDDFzlJjvoGx0P8z7V1t72grFJfJhu3YPZBuu25f7Kaw2jN1w==}

  fill-range@7.1.1:
    resolution: {integrity: sha512-YsGpe3WHLK8ZYi4tWDg2Jy3ebRz2rXowDxnld4bkQB00cc/1Zw9AWnC0i9ztDJitivtQvaI9KaLyKrc+hBW0yg==}
    engines: {node: '>=8'}

  fsevents@2.3.3:
    resolution: {integrity: sha512-5xoDfX+fL7faATnagmWPpbFtwh/R77WmMMqqHGS65C3vvB0YHrgF+B1YmZ3441tMj5n63k0212XNoJwzlhffQw==}
    engines: {node: ^8.16.0 || ^10.6.0 || >=11.0.0}
    os: [darwin]

  glob-parent@5.1.2:
    resolution: {integrity: sha512-AOIgSQCepiJYwP3ARnGx+5VnTu2HBYdzbGP45eLw1vr3zB3vZLeyed1sC9hnbcOc9/SrMyM5RPQrkGz4aS9Zow==}
    engines: {node: '>= 6'}

  is-extglob@2.1.1:
    resolution: {integrity: sha512-SbKbANkN603Vi4jEZv49LeVJMn4yGwsbzZworEoyEiutsN3nJYdbO36zfhGJ6QEDpOZIFkDtnq5JRxmvl3jsoQ==}
    engines: {node: '>=0.10.0'}

  is-glob@4.0.3:
    resolution: {integrity: sha512-xelSayHH36ZgE7ZWhli7pW34hNbNl8Ojv5KVmkJD4hBdD3th8Tfk9vYasLM+mXWOZhFkgZfxhLSnrwRr4elSSg==}
    engines: {node: '>=0.10.0'}

  is-number@7.0.0:
    resolution: {integrity: sha512-41Cifkg6e8TylSpdtTpeLVMqvSBEVzTttHvERD741+pnZ8ANv0004MRL43QKPDlK9cGvNp6NZWZUBlbGXYxxng==}
    engines: {node: '>=0.12.0'}

  merge2@1.4.1:
    resolution: {integrity: sha512-8q7VEgMJW4J8tcfVPy8g09NcQwZdbwFEqhe/WZkoIzjn/3TGDwtOCYtXGxA3O8tPzpczCCDgv+P2P5y00ZJOOg==}
    engines: {node: '>= 8'}

  micromatch@4.0.7:
    resolution: {integrity: sha512-LPP/3KorzCwBxfeUuZmaR6bG2kdeHSbe0P2tY3FLRU4vYrjYz5hI4QZwV0njUx3jeuKe67YukQ1LSPZBKDqO/Q==}
    engines: {node: '>=8.6'}

  picocolors@1.0.1:
    resolution: {integrity: sha512-anP1Z8qwhkbmu7MFP5iTt+wQKXgwzf7zTyGlcdzabySa9vd0Xt392U0rVmz9poOaBj0uHJKyyo9/upk0HrEQew==}

  picomatch@2.3.1:
    resolution: {integrity: sha512-JU3teHTNjmE2VCGFzuY8EXzCDVwEqB2a8fsIvwaStHhAWJEeVd1o1QD80CU6+ZdEXXSLbSsuLwJjkCBWqRQUVA==}
    engines: {node: '>=8.6'}

  queue-microtask@1.2.3:
    resolution: {integrity: sha512-NuaNSa6flKT5JaSYQzJok04JzTL1CA6aGhv5rfLW3PgqA+M2ChpZQnAC8h8i4ZFkBS8X5RqkDBHA7r4hej3K9A==}

  reusify@1.0.4:
    resolution: {integrity: sha512-U9nH88a3fc/ekCF1l0/UP1IosiuIjyTh7hBvXVMHYgVcfGvt897Xguj2UOLDeI5BG2m7/uwyaLVT6fbtCwTyzw==}
    engines: {iojs: '>=1.0.0', node: '>=0.10.0'}

  rsbuild-plugin-dts@file:scripts/rsbuild-plugin-dts-0.0.0.tgz:
    resolution: {integrity: sha512-lk/9x4MuvSAP4IbafdXdaQFiHbMnKXhKea7Imb+bOXIvyYoGDjCmp8zfFJqt696TN6K4DM2i/UQ0FngFJ7zh/Q==, tarball: file:scripts/rsbuild-plugin-dts-0.0.0.tgz}
    version: 0.0.0
    engines: {node: '>=16.0.0'}
    peerDependencies:
      '@microsoft/api-extractor': ^7
      '@rsbuild/core': 1.x
      typescript: ^5
    peerDependenciesMeta:
      '@microsoft/api-extractor':
        optional: true
      typescript:
        optional: true

  run-parallel@1.2.0:
    resolution: {integrity: sha512-5l4VyZR86LZ/lDxZTR6jqL8AFE2S0IFLMP26AbjsLVADxHdhB/c0GUsH+y39UfCi3dzz8OlQuPmnaJOMoDHQBA==}

  to-regex-range@5.0.1:
    resolution: {integrity: sha512-65P7iz6X5yEr1cwcgvQxbbIw7Uk3gOy5dIdtZ4rDveLqhrdJP+Li/Hx6tyK0NEb+2GCyneCMJiGqrADCSNk8sQ==}
    engines: {node: '>=8.0'}

  tslib@2.6.3:
    resolution: {integrity: sha512-xNvxJEOUiWPGhUuUdQgAJPKOOJfGnIyKySOc09XkKsgdUV/3E2zvwZYdejjmRgPCgcym1juLH3226yA7sEFJKQ==}

  typescript@5.5.4:
    resolution: {integrity: sha512-Mtq29sKDAEYP7aljRgtPOpTvOfbwRWlS6dPRzwjdE+C0R4brX/GUyhHSecbHMFLNBLcJIPt9nl9yG5TZ1weH+Q==}
    engines: {node: '>=14.17'}
    hasBin: true

snapshots:

  '@biomejs/biome@1.8.3':
    optionalDependencies:
      '@biomejs/cli-darwin-arm64': 1.8.3
      '@biomejs/cli-darwin-x64': 1.8.3
      '@biomejs/cli-linux-arm64': 1.8.3
      '@biomejs/cli-linux-arm64-musl': 1.8.3
      '@biomejs/cli-linux-x64': 1.8.3
      '@biomejs/cli-linux-x64-musl': 1.8.3
      '@biomejs/cli-win32-arm64': 1.8.3
      '@biomejs/cli-win32-x64': 1.8.3

  '@biomejs/cli-darwin-arm64@1.8.3':
    optional: true

  '@biomejs/cli-darwin-x64@1.8.3':
    optional: true

  '@biomejs/cli-linux-arm64-musl@1.8.3':
    optional: true

  '@biomejs/cli-linux-arm64@1.8.3':
    optional: true

  '@biomejs/cli-linux-x64-musl@1.8.3':
    optional: true

  '@biomejs/cli-linux-x64@1.8.3':
    optional: true

  '@biomejs/cli-win32-arm64@1.8.3':
    optional: true

  '@biomejs/cli-win32-x64@1.8.3':
    optional: true

  '@module-federation/runtime-tools@0.2.3':
    dependencies:
      '@module-federation/runtime': 0.2.3
      '@module-federation/webpack-bundler-runtime': 0.2.3

  '@module-federation/runtime@0.2.3':
    dependencies:
      '@module-federation/sdk': 0.2.3

  '@module-federation/sdk@0.2.3': {}

  '@module-federation/webpack-bundler-runtime@0.2.3':
    dependencies:
      '@module-federation/runtime': 0.2.3
      '@module-federation/sdk': 0.2.3

  '@nodelib/fs.scandir@2.1.5':
    dependencies:
      '@nodelib/fs.stat': 2.0.5
      run-parallel: 1.2.0

  '@nodelib/fs.stat@2.0.5': {}

  '@nodelib/fs.walk@1.2.8':
    dependencies:
      '@nodelib/fs.scandir': 2.1.5
      fastq: 1.17.1

  '@rsbuild/core@1.0.1-beta.10':
    dependencies:
      '@rspack/core': 1.0.0-beta.2(@swc/helpers@0.5.11)
      '@rspack/lite-tapable': 1.0.0-beta.2
      '@swc/helpers': 0.5.11
      caniuse-lite: 1.0.30001651
      core-js: 3.37.1
    optionalDependencies:
      fsevents: 2.3.3

  '@rslib/core@file:scripts/rslib-core-0.0.0.tgz(typescript@5.5.4)':
    dependencies:
      '@rsbuild/core': 1.0.1-beta.10
      rsbuild-plugin-dts: file:scripts/rsbuild-plugin-dts-0.0.0.tgz(@rsbuild/core@1.0.1-beta.10)(typescript@5.5.4)
    optionalDependencies:
      typescript: 5.5.4

  '@rspack/binding-darwin-arm64@1.0.0-beta.2':
    optional: true

  '@rspack/binding-darwin-x64@1.0.0-beta.2':
    optional: true

  '@rspack/binding-linux-arm64-gnu@1.0.0-beta.2':
    optional: true

  '@rspack/binding-linux-arm64-musl@1.0.0-beta.2':
    optional: true

  '@rspack/binding-linux-x64-gnu@1.0.0-beta.2':
    optional: true

  '@rspack/binding-linux-x64-musl@1.0.0-beta.2':
    optional: true

  '@rspack/binding-win32-arm64-msvc@1.0.0-beta.2':
    optional: true

  '@rspack/binding-win32-ia32-msvc@1.0.0-beta.2':
    optional: true

  '@rspack/binding-win32-x64-msvc@1.0.0-beta.2':
    optional: true

  '@rspack/binding@1.0.0-beta.2':
    optionalDependencies:
      '@rspack/binding-darwin-arm64': 1.0.0-beta.2
      '@rspack/binding-darwin-x64': 1.0.0-beta.2
      '@rspack/binding-linux-arm64-gnu': 1.0.0-beta.2
      '@rspack/binding-linux-arm64-musl': 1.0.0-beta.2
      '@rspack/binding-linux-x64-gnu': 1.0.0-beta.2
      '@rspack/binding-linux-x64-musl': 1.0.0-beta.2
      '@rspack/binding-win32-arm64-msvc': 1.0.0-beta.2
      '@rspack/binding-win32-ia32-msvc': 1.0.0-beta.2
      '@rspack/binding-win32-x64-msvc': 1.0.0-beta.2

  '@rspack/core@1.0.0-beta.2(@swc/helpers@0.5.11)':
    dependencies:
      '@module-federation/runtime-tools': 0.2.3
      '@rspack/binding': 1.0.0-beta.2
      '@rspack/lite-tapable': 1.0.0-beta.2
      caniuse-lite: 1.0.30001651
    optionalDependencies:
      '@swc/helpers': 0.5.11

  '@rspack/lite-tapable@1.0.0-beta.2': {}

  '@swc/helpers@0.5.11':
    dependencies:
      tslib: 2.6.3

  braces@3.0.3:
    dependencies:
      fill-range: 7.1.1

  caniuse-lite@1.0.30001651: {}

  core-js@3.37.1: {}

  fast-glob@3.3.2:
    dependencies:
      '@nodelib/fs.stat': 2.0.5
      '@nodelib/fs.walk': 1.2.8
      glob-parent: 5.1.2
      merge2: 1.4.1
      micromatch: 4.0.7

  fastq@1.17.1:
    dependencies:
      reusify: 1.0.4

  fill-range@7.1.1:
    dependencies:
      to-regex-range: 5.0.1

  fsevents@2.3.3:
    optional: true

  glob-parent@5.1.2:
    dependencies:
      is-glob: 4.0.3

  is-extglob@2.1.1: {}

  is-glob@4.0.3:
    dependencies:
      is-extglob: 2.1.1

  is-number@7.0.0: {}

  merge2@1.4.1: {}

  micromatch@4.0.7:
    dependencies:
      braces: 3.0.3
      picomatch: 2.3.1

  picocolors@1.0.1: {}

  picomatch@2.3.1: {}

  queue-microtask@1.2.3: {}

  reusify@1.0.4: {}

  rsbuild-plugin-dts@file:scripts/rsbuild-plugin-dts-0.0.0.tgz(@rsbuild/core@1.0.1-beta.10)(typescript@5.5.4):
    dependencies:
      '@rsbuild/core': 1.0.1-beta.10
      fast-glob: 3.3.2
      picocolors: 1.0.1
    optionalDependencies:
      typescript: 5.5.4

  run-parallel@1.2.0:
    dependencies:
      queue-microtask: 1.2.3

  to-regex-range@5.0.1:
    dependencies:
      is-number: 7.0.0

  tslib@2.6.3: {}

  typescript@5.5.4: {}
